<?xml version="1.0" encoding="utf-8"?>
<Project ToolsVersion="4.0" xmlns="http://schemas.microsoft.com/developer/msbuild/2003">
  <ItemGroup>
    <ClCompile Include="Reflection.generated.cpp">
      <Filter>generated</Filter>
    </ClCompile>
    <ClCompile Include="Registry.generated.cpp">
      <Filter>generated</Filter>
    </ClCompile>
    <ClCompile Include="FIEAEngine_module.cpp" />
    <ClCompile Include="Math_module.cpp">
      <Filter>Math</Filter>
    </ClCompile>
    <ClCompile Include="Entity_module.cpp">
      <Filter>Entity</Filter>
    </ClCompile>
    <ClCompile Include="PyUtil.cpp">
      <Filter>Util</Filter>
    </ClCompile>
  </ItemGroup>
  <ItemGroup>
    <Filter Include="generated">
      <UniqueIdentifier>{18fd6c3b-06c4-4c9d-bf41-a687ad0f0385}</UniqueIdentifier>
    </Filter>
    <Filter Include="Util">
      <UniqueIdentifier>{d56dc75e-c5fc-40de-bda9-c7cc2942110b}</UniqueIdentifier>
    </Filter>
    <Filter Include="Math">
      <UniqueIdentifier>{d3210d49-1348-4782-8548-1510a9d21a02}</UniqueIdentifier>
    </Filter>
    <Filter Include="Entity">
      <UniqueIdentifier>{c83f7001-8a59-4e83-ba54-3e33c937da79}</UniqueIdentifier>
    </Filter>
  </ItemGroup>
  <ItemGroup>
    <ClInclude Include="Math_module.h">
      <Filter>Math</Filter>
    </ClInclude>
    <ClInclude Include="Entity_module.h">
      <Filter>Entity</Filter>
    </ClInclude>
    <ClInclude Include="FIEAEngine_module.h" />
    <ClInclude Include="PyUtil.h">
      <Filter>Util</Filter>
    </ClInclude>
  </ItemGroup>
</Project>