<?xml version="1.0" encoding="utf-8"?>
<Project ToolsVersion="4.0" xmlns="http://schemas.microsoft.com/developer/msbuild/2003">
  <ItemGroup>
    <ClCompile Include="pch.cpp">
      <Filter>pch</Filter>
    </ClCompile>
    <ClCompile Include="DatumTests.cpp">
      <Filter>Tests\Containers</Filter>
    </ClCompile>
    <ClCompile Include="ArrayTests.cpp">
      <Filter>Tests\Containers</Filter>
    </ClCompile>
    <ClCompile Include="SListTests.cpp">
      <Filter>Tests\Containers</Filter>
    </ClCompile>
    <ClCompile Include="HashMapTests.cpp">
      <Filter>Tests\Containers</Filter>
    </ClCompile>
    <ClCompile Include="HashTests.cpp">
      <Filter>Tests\Containers</Filter>
    </ClCompile>
    <ClCompile Include="UtilTests.cpp">
      <Filter>Tests\Util</Filter>
    </ClCompile>
    <ClCompile Include="RandomTests.cpp">
      <Filter>Tests\Util</Filter>
    </ClCompile>
    <ClCompile Include="ConceptTests.cpp">
      <Filter>Tests\Util</Filter>
    </ClCompile>
    <ClCompile Include="MemoryTests.cpp">
      <Filter>Tests\Util</Filter>
    </ClCompile>
    <ClCompile Include="Foo.cpp">
      <Filter>FooBar\Foo</Filter>
    </ClCompile>
    <ClCompile Include="FooTests.cpp">
      <Filter>Tests\FooBar</Filter>
    </ClCompile>
    <ClCompile Include="EnumTests.cpp">
      <Filter>Tests\Util</Filter>
    </ClCompile>
    <ClCompile Include="EventTests.cpp">
      <Filter>Tests\Events</Filter>
    </ClCompile>
    <ClCompile Include="EventManagerTests.cpp">
      <Filter>Tests\Events</Filter>
    </ClCompile>
    <ClCompile Include="InputTests.cpp">
      <Filter>Tests\Engine</Filter>
    </ClCompile>
    <ClCompile Include="TimeTests.cpp">
      <Filter>Tests\Engine</Filter>
    </ClCompile>
    <ClCompile Include="StackTests.cpp">
      <Filter>Tests\Containers</Filter>
    </ClCompile>
    <ClCompile Include="QueueTests.cpp">
      <Filter>Tests\Containers</Filter>
    </ClCompile>
    <ClCompile Include="CoroutineTests.cpp">
      <Filter>Tests\Engine</Filter>
    </ClCompile>
    <ClCompile Include="EngineTests.cpp">
      <Filter>Tests\Engine</Filter>
    </ClCompile>
    <ClCompile Include="MathTests.cpp">
      <Filter>Tests\Util</Filter>
    </ClCompile>
    <ClCompile Include="ReflectionTests.cpp">
      <Filter>Tests\Util</Filter>
    </ClCompile>
    <ClCompile Include="Reflection.generated.cpp">
      <Filter>generated</Filter>
    </ClCompile>
    <ClCompile Include="Registry.generated.cpp">
      <Filter>generated</Filter>
    </ClCompile>
    <ClCompile Include="AttributedTests.cpp">
      <Filter>Tests\Hierarchy</Filter>
    </ClCompile>
    <ClCompile Include="RegistryTests.cpp">
      <Filter>Tests\Hierarchy</Filter>
    </ClCompile>
    <ClCompile Include="EntityTests.cpp">
      <Filter>Tests\Hierarchy</Filter>
    </ClCompile>
  </ItemGroup>
  <ItemGroup>
    <Filter Include="pch">
      <UniqueIdentifier>{13357cec-7c40-4ac3-b9fe-a16f05724590}</UniqueIdentifier>
    </Filter>
    <Filter Include="Tests">
      <UniqueIdentifier>{fde35ca1-104d-475f-adc9-b5f847940d06}</UniqueIdentifier>
    </Filter>
    <Filter Include="Tests\Containers">
      <UniqueIdentifier>{90d930fc-87e6-4377-bc7f-876072fcbfb9}</UniqueIdentifier>
    </Filter>
    <Filter Include="Random">
      <UniqueIdentifier>{76fb0555-db1e-400a-a0c6-1b7853871775}</UniqueIdentifier>
    </Filter>
    <Filter Include="Tests\Util">
      <UniqueIdentifier>{7a7b12a0-a613-407e-9cf5-1a045da7d744}</UniqueIdentifier>
    </Filter>
    <Filter Include="FooBar">
      <UniqueIdentifier>{1b5c8d9e-756e-43b1-bc12-e58d5814a0d2}</UniqueIdentifier>
    </Filter>
    <Filter Include="FooBar\Foo">
      <UniqueIdentifier>{f6d51f9d-5669-461b-9b43-dc0554a7333b}</UniqueIdentifier>
    </Filter>
    <Filter Include="Tests\FooBar">
      <UniqueIdentifier>{148da53f-a487-462d-9578-d17cb4e81cd2}</UniqueIdentifier>
    </Filter>
    <Filter Include="Tests\Events">
      <UniqueIdentifier>{aadf445b-83bf-41a9-9404-31bda2f59a30}</UniqueIdentifier>
    </Filter>
    <Filter Include="Tests\Engine">
      <UniqueIdentifier>{6fed2c0b-f171-4e89-828d-6c62a9657e85}</UniqueIdentifier>
    </Filter>
    <Filter Include="Tests\Hierarchy">
      <UniqueIdentifier>{9d2447ef-58f9-40e1-bed2-3685ad358ce1}</UniqueIdentifier>
    </Filter>
    <Filter Include="generated">
      <UniqueIdentifier>{21151fd2-de55-4eca-9dd3-8ade8322681c}</UniqueIdentifier>
    </Filter>
    <Filter Include="FooBar\AttributedFoo">
      <UniqueIdentifier>{e968ce8d-f9b5-4065-b5af-15c4c0c04b94}</UniqueIdentifier>
    </Filter>
  </ItemGroup>
  <ItemGroup>
    <ClInclude Include="pch.h">
      <Filter>pch</Filter>
    </ClInclude>
    <ClInclude Include="Random.h">
      <Filter>Random</Filter>
    </ClInclude>
    <ClInclude Include="UnitTest.h" />
    <ClInclude Include="ToStrings.h" />
    <ClInclude Include="Foo.h">
      <Filter>FooBar\Foo</Filter>
    </ClInclude>
    <ClInclude Include="Digit.h" />
    <ClInclude Include="AttributedFoo.h">
      <Filter>FooBar\AttributedFoo</Filter>
    </ClInclude>
  </ItemGroup>
  <ItemGroup>
    <None Include="Random.inl">
      <Filter>Random</Filter>
    </None>
    <None Include="..\Library.Shared\.editorconfig" />
  </ItemGroup>
</Project>